<?xml version="1.0" encoding="utf-8"?>
<Project ToolsVersion="4.0" xmlns="http://schemas.microsoft.com/developer/msbuild/2003">
  <ItemGroup>
    <Filter Include="Source Files">
      <UniqueIdentifier>{8c59ebab-acbf-4a1a-90ec-6b0596c028de}</UniqueIdentifier>
      <Extensions>cpp;c;cxx;def;odl;idl;hpj;bat;asm</Extensions>
    </Filter>
    <Filter Include="Header Files">
      <UniqueIdentifier>{7fe21f56-66d1-4ba3-be8c-0bf8a528b548}</UniqueIdentifier>
      <Extensions>h;hpp;hxx;hm;inl;inc</Extensions>
    </Filter>
    <Filter Include="Resource Files">
      <UniqueIdentifier>{d260a551-c151-43fc-b294-0812d8848c3c}</UniqueIdentifier>
      <Extensions>rc;ico;cur;bmp;dlg;rc2;rct;bin;rgs;jpg;jpeg;jpe;manifest</Extensions>
    </Filter>
    <Filter Include="SoUI Resource">
      <UniqueIdentifier>{b1ccd820-b77e-4745-abf7-5a9b49038fc5}</UniqueIdentifier>
      <Extensions>idx;xml;png;gif;jpg;ico;lua;bmp</Extensions>
    </Filter>
    <Filter Include="适配器">
      <UniqueIdentifier>{a1712ac6-8584-431f-9348-0bd274aa0c69}</UniqueIdentifier>
    </Filter>
  </ItemGroup>
  <ItemGroup>
    <Text Include="license.txt" />
    <Text Include="readme.txt" />
  </ItemGroup>
  <ItemGroup>
    <ClCompile Include="wxDemo.cpp">
      <Filter>Source Files</Filter>
    </ClCompile>
    <ClCompile Include="MainDlg.cpp">
      <Filter>Source Files</Filter>
    </ClCompile>
    <ClCompile Include="stdafx.cpp">
      <Filter>Source Files</Filter>
    </ClCompile>
    <ClCompile Include="trayicon\SShellTray.cpp">
      <Filter>Source Files</Filter>
    </ClCompile>
    <ClCompile Include="CGlobalUnits.cpp">
      <Filter>Source Files</Filter>
    </ClCompile>
    <ClCompile Include="CLvMessageAdapter.cpp">
      <Filter>适配器</Filter>
    </ClCompile>
    <ClCompile Include="EmojiDlg.cpp">
      <Filter>Source Files</Filter>
    </ClCompile>
  </ItemGroup>
  <ItemGroup>
    <ResourceCompile Include="wxDemo.rc">
      <Filter>Resource Files</Filter>
    </ResourceCompile>
  </ItemGroup>
  <ItemGroup>
    <ClInclude Include="MainDlg.h">
      <Filter>Header Files</Filter>
    </ClInclude>
    <ClInclude Include="resource.h">
      <Filter>Header Files</Filter>
    </ClInclude>
    <ClInclude Include="stdafx.h">
      <Filter>Header Files</Filter>
    </ClInclude>
    <ClInclude Include="trayicon\SShellTray.h">
      <Filter>Header Files</Filter>
    </ClInclude>
    <ClInclude Include="CGlobalUnits.h">
      <Filter>Header Files</Filter>
    </ClInclude>
    <ClInclude Include="apppublic.h">
      <Filter>Header Files</Filter>
    </ClInclude>
    <ClInclude Include="CLvMessageAdapter.h">
      <Filter>适配器</Filter>
    </ClInclude>
    <ClInclude Include="EmojiDlg.h">
      <Filter>Header Files</Filter>
    </ClInclude>
    <ClInclude Include="CEmotionTileViewAdapter.h">
      <Filter>适配器</Filter>
    </ClInclude>
  </ItemGroup>
  <ItemGroup>
    <None Include="res\soui_res.rc2">
      <Filter>Resource Files</Filter>
    </None>
  </ItemGroup>
  <ItemGroup>
    <Xml Include="uires\uidef\init.xml">
      <Filter>SoUI Resource</Filter>
    </Xml>
    <Xml Include="uires\values\color.xml">
      <Filter>SoUI Resource</Filter>
    </Xml>
    <Xml Include="uires\values\skin.xml">
      <Filter>SoUI Resource</Filter>
    </Xml>
    <Xml Include="uires\values\string.xml">
      <Filter>SoUI Resource</Filter>
    </Xml>
    <Xml Include="uires\xml\dlg_main.xml">
      <Filter>SoUI Resource</Filter>
    </Xml>
    <Xml Include="uires\Translator\lang_cn.xml">
      <Filter>SoUI Resource</Filter>
    </Xml>
    <Xml Include="uires\Translator\lang_jp.xml">
      <Filter>SoUI Resource</Filter>
    </Xml>
    <Xml Include="uires\xml\menu_tray.xml">
      <Filter>SoUI Resource</Filter>
    </Xml>
    <Xml Include="uires\xml\page_collect.xml">
      <Filter>SoUI Resource</Filter>
    </Xml>
    <Xml Include="uires\xml\page_contact.xml">
      <Filter>SoUI Resource</Filter>
    </Xml>
    <Xml Include="uires\xml\page_msg.xml">
      <Filter>SoUI Resource</Filter>
    </Xml>
    <Xml Include="uires\xml\page_comm_filehelper.xml">
      <Filter>SoUI Resource</Filter>
    </Xml>
    <Xml Include="uires\xml\page_comm_group.xml">
      <Filter>SoUI Resource</Filter>
    </Xml>
    <Xml Include="uires\xml\page_comm_personal.xml">
      <Filter>SoUI Resource</Filter>
    </Xml>
    <Xml Include="uires\xml\dlg_emoji.xml">
      <Filter>SoUI Resource</Filter>
    </Xml>
  </ItemGroup>
  <ItemGroup>
    <Image Include="uires\image\soui.ico">
      <Filter>SoUI Resource</Filter>
    </Image>
    <Image Include="uires\image\traymenu_icons.png">
      <Filter>SoUI Resource</Filter>
    </Image>
  </ItemGroup>
  <ItemGroup>
    <CustomBuild Include="uires\uires.idx">
      <Filter>SoUI Resource</Filter>
    </CustomBuild>
  </ItemGroup>
</Project>