Microsoft Visual Studio Solution File, Format Version 10.00
# Visual Studio 2008
Project("{8BC9CEB8-8B4A-11D0-8D11-00A0C91BC942}") = "gtest", "third-part\gtest\gtest.vcproj", "{6F031212-9B60-39A8-97A8-915294D65218}"
EndProject
Project("{8BC9CEB8-8B4A-11D0-8D11-00A0C91BC942}") = "png", "third-part\png\png.vcproj", "{AA3A7C90-4740-38EF-98A0-676EC7F73FD0}"
EndProject
Project("{8BC9CEB8-8B4A-11D0-8D11-00A0C91BC942}") = "skia", "third-part\skia\skia.vcproj", "{4AB92406-75C3-397A-AE0F-9EED036D2B35}"
EndProject
Project("{8BC9CEB8-8B4A-11D0-8D11-00A0C91BC942}") = "zlib", "third-part\zlib\zlib.vcproj", "{50DD85A6-53D7-3E68-A34E-984FE9ABCB91}"
EndProject
Project("{8BC9CEB8-8B4A-11D0-8D11-00A0C91BC942}") = "smiley", "third-part\smiley\smiley.vcproj", "{683514A9-69E9-3C77-B854-0993F9FD175C}"
EndProject
Project("{8BC9CEB8-8B4A-11D0-8D11-00A0C91BC942}") = "mhook", "third-part\mhook\mhook.vcproj", "{C8D8DA26-9975-3083-AB7A-AF301570C14F}"
EndProject
Project("{8BC9CEB8-8B4A-11D0-8D11-00A0C91BC942}") = "7z", "third-part\7z\7z.vcproj", "{F472E03C-2FBA-38BA-BA7E-B9B598185DB4}"
EndProject
Project("{8BC9CEB8-8B4A-11D0-8D11-00A0C91BC942}") = "scintilla", "third-part\scintilla\scintilla.vcproj", "{B5F90EFD-58C2-3C8C-A56F-D8642C949002}"
EndProject
Project("{8BC9CEB8-8B4A-11D0-8D11-00A0C91BC942}") = "sqlite3", "third-part\sqlite3\sqlite3.vcproj", "{853F6578-BEFF-3B61-831F-665CE04726F2}"
EndProject
Project("{8BC9CEB8-8B4A-11D0-8D11-00A0C91BC942}") = "jsoncpp", "third-part\jsoncpp\jsoncpp.vcproj", "{3B835920-6653-3EA6-92CA-73634E09BB81}"
EndProject
Project("{8BC9CEB8-8B4A-11D0-8D11-00A0C91BC942}") = "utilities4", "utilities\utilities4.vcproj", "{451EB131-8C65-3815-AC62-9D4827FFE6B6}"
EndProject
Project("{8BC9CEB8-8B4A-11D0-8D11-00A0C91BC942}") = "soui-sys-resource", "soui-sys-resource\soui-sys-resource.vcproj", "{DEE9708E-32EF-3BFD-99B6-D089FF932C77}"
EndProject
Project("{8BC9CEB8-8B4A-11D0-8D11-00A0C91BC942}") = "soui4", "SOUI\soui4.vcproj", "{96D8EE70-E670-372B-9F02-11225B5A9657}"
	ProjectSection(ProjectDependencies) = postProject
		{451EB131-8C65-3815-AC62-9D4827FFE6B6} = {451EB131-8C65-3815-AC62-9D4827FFE6B6}
		{DEE9708E-32EF-3BFD-99B6-D089FF932C77} = {DEE9708E-32EF-3BFD-99B6-D089FF932C77}
		{451EB131-8C65-3815-AC62-9D4827FFE6B6} = {451EB131-8C65-3815-AC62-9D4827FFE6B6}
	EndProjectSection
EndProject
Project("{8BC9CEB8-8B4A-11D0-8D11-00A0C91BC942}") = "imgdecoder-wic", "components\imgdecoder-wic\imgdecoder-wic.vcproj", "{C1A69B84-C215-377B-90A5-6F54F31AB13A}"
EndProject
Project("{8BC9CEB8-8B4A-11D0-8D11-00A0C91BC942}") = "render-gdi", "components\render-gdi\render-gdi.vcproj", "{EB653DA0-96CB-376E-8BE7-6B9C67DAA59A}"
	ProjectSection(ProjectDependencies) = postProject
		{451EB131-8C65-3815-AC62-9D4827FFE6B6} = {451EB131-8C65-3815-AC62-9D4827FFE6B6}
	EndProjectSection
EndProject
Project("{8BC9CEB8-8B4A-11D0-8D11-00A0C91BC942}") = "render-skia", "components\render-skia\render-skia.vcproj", "{A6DFA2B2-EB78-3F17-961C-86AF4554EA44}"
	ProjectSection(ProjectDependencies) = postProject
		{4AB92406-75C3-397A-AE0F-9EED036D2B35} = {4AB92406-75C3-397A-AE0F-9EED036D2B35}
		{451EB131-8C65-3815-AC62-9D4827FFE6B6} = {451EB131-8C65-3815-AC62-9D4827FFE6B6}
		{4AB92406-75C3-397A-AE0F-9EED036D2B35} = {4AB92406-75C3-397A-AE0F-9EED036D2B35}
	EndProjectSection
EndProject
Project("{8BC9CEB8-8B4A-11D0-8D11-00A0C91BC942}") = "translator", "components\translator\translator.vcproj", "{7CBED15F-98AC-3ADB-85C4-B9D1BB6DBB99}"
	ProjectSection(ProjectDependencies) = postProject
		{451EB131-8C65-3815-AC62-9D4827FFE6B6} = {451EB131-8C65-3815-AC62-9D4827FFE6B6}
		{451EB131-8C65-3815-AC62-9D4827FFE6B6} = {451EB131-8C65-3815-AC62-9D4827FFE6B6}
	EndProjectSection
EndProject
Project("{8BC9CEB8-8B4A-11D0-8D11-00A0C91BC942}") = "resprovider-zip", "components\resprovider-zip\resprovider-zip.vcproj", "{426311F3-C83A-3759-B971-B25701337149}"
	ProjectSection(ProjectDependencies) = postProject
		{50DD85A6-53D7-3E68-A34E-984FE9ABCB91} = {50DD85A6-53D7-3E68-A34E-984FE9ABCB91}
		{451EB131-8C65-3815-AC62-9D4827FFE6B6} = {451EB131-8C65-3815-AC62-9D4827FFE6B6}
		{50DD85A6-53D7-3E68-A34E-984FE9ABCB91} = {50DD85A6-53D7-3E68-A34E-984FE9ABCB91}
		{451EB131-8C65-3815-AC62-9D4827FFE6B6} = {451EB131-8C65-3815-AC62-9D4827FFE6B6}
	EndProjectSection
EndProject
Project("{8BC9CEB8-8B4A-11D0-8D11-00A0C91BC942}") = "imgdecoder-stb", "components\imgdecoder-stb\imgdecoder-stb.vcproj", "{639FC6D5-A5DA-34EF-894D-9C7032F05487}"
EndProject
Project("{8BC9CEB8-8B4A-11D0-8D11-00A0C91BC942}") = "imgdecoder-png", "components\imgdecoder-png\imgdecoder-png.vcproj", "{397CB09A-8FF5-3E0A-B808-42D4CAA916B0}"
	ProjectSection(ProjectDependencies) = postProject
		{50DD85A6-53D7-3E68-A34E-984FE9ABCB91} = {50DD85A6-53D7-3E68-A34E-984FE9ABCB91}
		{AA3A7C90-4740-38EF-98A0-676EC7F73FD0} = {AA3A7C90-4740-38EF-98A0-676EC7F73FD0}
		{50DD85A6-53D7-3E68-A34E-984FE9ABCB91} = {50DD85A6-53D7-3E68-A34E-984FE9ABCB91}
		{AA3A7C90-4740-38EF-98A0-676EC7F73FD0} = {AA3A7C90-4740-38EF-98A0-676EC7F73FD0}
	EndProjectSection
EndProject
Project("{8BC9CEB8-8B4A-11D0-8D11-00A0C91BC942}") = "imgdecoder-gdip", "components\imgdecoder-gdip\imgdecoder-gdip.vcproj", "{E3935FB2-7F61-3811-A97C-5C8D5442DACC}"
EndProject
Project("{8BC9CEB8-8B4A-11D0-8D11-00A0C91BC942}") = "scriptmodule-lua", "components\ScriptModule-LUA\scriptmodule-lua.vcproj", "{6F7C5E97-E11F-3925-BD79-00FB8512CE69}"
	ProjectSection(ProjectDependencies) = postProject
		{96D8EE70-E670-372B-9F02-11225B5A9657} = {96D8EE70-E670-372B-9F02-11225B5A9657}
		{96D8EE70-E670-372B-9F02-11225B5A9657} = {96D8EE70-E670-372B-9F02-11225B5A9657}
		{451EB131-8C65-3815-AC62-9D4827FFE6B6} = {451EB131-8C65-3815-AC62-9D4827FFE6B6}
	EndProjectSection
EndProject
Project("{8BC9CEB8-8B4A-11D0-8D11-00A0C91BC942}") = "log4z", "components\log4z\log4z.vcproj", "{54DE668F-5D2F-3B0D-B166-2148B924BC8F}"
EndProject
Project("{8BC9CEB8-8B4A-11D0-8D11-00A0C91BC942}") = "resprovider-7zip", "components\resprovider-7zip\resprovider-7zip.vcproj", "{755394FB-A433-3653-9232-3B6DDB66A2C5}"
	ProjectSection(ProjectDependencies) = postProject
		{F472E03C-2FBA-38BA-BA7E-B9B598185DB4} = {F472E03C-2FBA-38BA-BA7E-B9B598185DB4}
		{451EB131-8C65-3815-AC62-9D4827FFE6B6} = {451EB131-8C65-3815-AC62-9D4827FFE6B6}
		{F472E03C-2FBA-38BA-BA7E-B9B598185DB4} = {F472E03C-2FBA-38BA-BA7E-B9B598185DB4}
		{451EB131-8C65-3815-AC62-9D4827FFE6B6} = {451EB131-8C65-3815-AC62-9D4827FFE6B6}
	EndProjectSection
EndProject
Project("{8BC9CEB8-8B4A-11D0-8D11-00A0C91BC942}") = "TaskLoop", "components\TaskLoop\TaskLoop.vcproj", "{B74865B7-0702-3E95-9051-5ACEBD378532}"
	ProjectSection(ProjectDependencies) = postProject
		{451EB131-8C65-3815-AC62-9D4827FFE6B6} = {451EB131-8C65-3815-AC62-9D4827FFE6B6}
		{451EB131-8C65-3815-AC62-9D4827FFE6B6} = {451EB131-8C65-3815-AC62-9D4827FFE6B6}
	EndProjectSection
EndProject
Project("{8BC9CEB8-8B4A-11D0-8D11-00A0C91BC942}") = "SIpcObject", "components\SIpcObject\SIpcObject.vcproj", "{322B7BFD-0E2F-3934-A862-6D9467716C74}"
	ProjectSection(ProjectDependencies) = postProject
		{451EB131-8C65-3815-AC62-9D4827FFE6B6} = {451EB131-8C65-3815-AC62-9D4827FFE6B6}
	EndProjectSection
EndProject
Project("{8BC9CEB8-8B4A-11D0-8D11-00A0C91BC942}") = "demo", "demo\demo.vcproj", "{E242F1C0-FE19-3055-B79E-BAF2B8641108}"
	ProjectSection(ProjectDependencies) = postProject
		{451EB131-8C65-3815-AC62-9D4827FFE6B6} = {451EB131-8C65-3815-AC62-9D4827FFE6B6}
		{96D8EE70-E670-372B-9F02-11225B5A9657} = {96D8EE70-E670-372B-9F02-11225B5A9657}
		{C8D8DA26-9975-3083-AB7A-AF301570C14F} = {C8D8DA26-9975-3083-AB7A-AF301570C14F}
		{683514A9-69E9-3C77-B854-0993F9FD175C} = {683514A9-69E9-3C77-B854-0993F9FD175C}
	EndProjectSection
EndProject
Project("{8BC9CEB8-8B4A-11D0-8D11-00A0C91BC942}") = "demo2", "demo2\demo2.vcproj", "{F7715081-DC21-3700-B974-85A87C8AD040}"
	ProjectSection(ProjectDependencies) = postProject
		{451EB131-8C65-3815-AC62-9D4827FFE6B6} = {451EB131-8C65-3815-AC62-9D4827FFE6B6}
		{96D8EE70-E670-372B-9F02-11225B5A9657} = {96D8EE70-E670-372B-9F02-11225B5A9657}
	EndProjectSection
EndProject
Project("{2150E333-8FDC-42A3-9474-1A3956D46DE8}") = "components", "components", "{DED45790-5967-4677-AE1F-582FEB85B783}"
EndProject
Project("{2150E333-8FDC-42A3-9474-1A3956D46DE8}") = "third-part", "third-part", "{AE02132C-1B8D-4B35-A19A-096F924E7E45}"
EndProject
Project("{2150E333-8FDC-42A3-9474-1A3956D46DE8}") = "imgdecoder", "imgdecoder", "{60AF64E4-5804-4A71-8ED9-D89758C7DFE9}"
EndProject
Project("{2150E333-8FDC-42A3-9474-1A3956D46DE8}") = "render", "render", "{5B43DB31-4192-4977-A0D5-DAEBBB184313}"
EndProject
Project("{8BC9CEB8-8B4A-11D0-8D11-00A0C91BC942}") = "soui-sys-resource2", "soui-sys-resource2\soui-sys-resource2.vcproj", "{1FD4E8D3-D743-3A05-8133-0D3C2DB7CB5A}"
EndProject
Project("{8BC9CEB8-8B4A-11D0-8D11-00A0C91BC942}") = "lua-54", "third-part\lua-54\lua-54.vcproj", "{CC21ADB1-6039-37EA-9E6A-5554053A07A1}"
EndProject
Project("{8BC9CEB8-8B4A-11D0-8D11-00A0C91BC942}") = "HttpClient", "components\httpclient\httpclient.vcproj", "{3D9AD063-7F21-3E2B-9432-32B1815AA646}"
EndProject
Project("{8BC9CEB8-8B4A-11D0-8D11-00A0C91BC942}") = "render-d2d", "components\render-d2d\render-d2d.vcproj", "{334E6D48-730D-3181-B779-1CF09CF10613}"
EndProject
Global
	GlobalSection(SolutionConfigurationPlatforms) = preSolution
		Debug|Win32 = Debug|Win32
		Debug|x64 = Debug|x64
		Release|Win32 = Release|Win32
		Release|x64 = Release|x64
	EndGlobalSection
	GlobalSection(ProjectConfigurationPlatforms) = postSolution
		{6F031212-9B60-39A8-97A8-915294D65218}.Debug|Win32.ActiveCfg = Debug|Win32
		{6F031212-9B60-39A8-97A8-915294D65218}.Debug|Win32.Build.0 = Debug|Win32
		{6F031212-9B60-39A8-97A8-915294D65218}.Debug|x64.ActiveCfg = Debug|x64
		{6F031212-9B60-39A8-97A8-915294D65218}.Debug|x64.Build.0 = Debug|x64
		{6F031212-9B60-39A8-97A8-915294D65218}.Release|Win32.ActiveCfg = Release|Win32
		{6F031212-9B60-39A8-97A8-915294D65218}.Release|Win32.Build.0 = Release|Win32
		{6F031212-9B60-39A8-97A8-915294D65218}.Release|x64.ActiveCfg = Release|x64
		{6F031212-9B60-39A8-97A8-915294D65218}.Release|x64.Build.0 = Release|x64
		{AA3A7C90-4740-38EF-98A0-676EC7F73FD0}.Debug|Win32.ActiveCfg = Debug|Win32
		{AA3A7C90-4740-38EF-98A0-676EC7F73FD0}.Debug|Win32.Build.0 = Debug|Win32
		{AA3A7C90-4740-38EF-98A0-676EC7F73FD0}.Debug|x64.ActiveCfg = Debug|x64
		{AA3A7C90-4740-38EF-98A0-676EC7F73FD0}.Debug|x64.Build.0 = Debug|x64
		{AA3A7C90-4740-38EF-98A0-676EC7F73FD0}.Release|Win32.ActiveCfg = Release|Win32
		{AA3A7C90-4740-38EF-98A0-676EC7F73FD0}.Release|Win32.Build.0 = Release|Win32
		{AA3A7C90-4740-38EF-98A0-676EC7F73FD0}.Release|x64.ActiveCfg = Release|x64
		{AA3A7C90-4740-38EF-98A0-676EC7F73FD0}.Release|x64.Build.0 = Release|x64
		{4AB92406-75C3-397A-AE0F-9EED036D2B35}.Debug|Win32.ActiveCfg = Debug|Win32
		{4AB92406-75C3-397A-AE0F-9EED036D2B35}.Debug|Win32.Build.0 = Debug|Win32
		{4AB92406-75C3-397A-AE0F-9EED036D2B35}.Debug|x64.ActiveCfg = Debug|x64
		{4AB92406-75C3-397A-AE0F-9EED036D2B35}.Debug|x64.Build.0 = Debug|x64
		{4AB92406-75C3-397A-AE0F-9EED036D2B35}.Release|Win32.ActiveCfg = Release|Win32
		{4AB92406-75C3-397A-AE0F-9EED036D2B35}.Release|Win32.Build.0 = Release|Win32
		{4AB92406-75C3-397A-AE0F-9EED036D2B35}.Release|x64.ActiveCfg = Release|x64
		{4AB92406-75C3-397A-AE0F-9EED036D2B35}.Release|x64.Build.0 = Release|x64
		{50DD85A6-53D7-3E68-A34E-984FE9ABCB91}.Debug|Win32.ActiveCfg = Debug|Win32
		{50DD85A6-53D7-3E68-A34E-984FE9ABCB91}.Debug|Win32.Build.0 = Debug|Win32
		{50DD85A6-53D7-3E68-A34E-984FE9ABCB91}.Debug|x64.ActiveCfg = Debug|x64
		{50DD85A6-53D7-3E68-A34E-984FE9ABCB91}.Debug|x64.Build.0 = Debug|x64
		{50DD85A6-53D7-3E68-A34E-984FE9ABCB91}.Release|Win32.ActiveCfg = Release|Win32
		{50DD85A6-53D7-3E68-A34E-984FE9ABCB91}.Release|Win32.Build.0 = Release|Win32
		{50DD85A6-53D7-3E68-A34E-984FE9ABCB91}.Release|x64.ActiveCfg = Release|x64
		{50DD85A6-53D7-3E68-A34E-984FE9ABCB91}.Release|x64.Build.0 = Release|x64
		{683514A9-69E9-3C77-B854-0993F9FD175C}.Debug|Win32.ActiveCfg = Debug|Win32
		{683514A9-69E9-3C77-B854-0993F9FD175C}.Debug|Win32.Build.0 = Debug|Win32
		{683514A9-69E9-3C77-B854-0993F9FD175C}.Debug|x64.ActiveCfg = Debug|x64
		{683514A9-69E9-3C77-B854-0993F9FD175C}.Debug|x64.Build.0 = Debug|x64
		{683514A9-69E9-3C77-B854-0993F9FD175C}.Release|Win32.ActiveCfg = Release|Win32
		{683514A9-69E9-3C77-B854-0993F9FD175C}.Release|Win32.Build.0 = Release|Win32
		{683514A9-69E9-3C77-B854-0993F9FD175C}.Release|x64.ActiveCfg = Release|x64
		{683514A9-69E9-3C77-B854-0993F9FD175C}.Release|x64.Build.0 = Release|x64
		{C8D8DA26-9975-3083-AB7A-AF301570C14F}.Debug|Win32.ActiveCfg = Debug|Win32
		{C8D8DA26-9975-3083-AB7A-AF301570C14F}.Debug|Win32.Build.0 = Debug|Win32
		{C8D8DA26-9975-3083-AB7A-AF301570C14F}.Debug|x64.ActiveCfg = Debug|x64
		{C8D8DA26-9975-3083-AB7A-AF301570C14F}.Debug|x64.Build.0 = Debug|x64
		{C8D8DA26-9975-3083-AB7A-AF301570C14F}.Release|Win32.ActiveCfg = Release|Win32
		{C8D8DA26-9975-3083-AB7A-AF301570C14F}.Release|Win32.Build.0 = Release|Win32
		{C8D8DA26-9975-3083-AB7A-AF301570C14F}.Release|x64.ActiveCfg = Release|x64
		{C8D8DA26-9975-3083-AB7A-AF301570C14F}.Release|x64.Build.0 = Release|x64
		{F472E03C-2FBA-38BA-BA7E-B9B598185DB4}.Debug|Win32.ActiveCfg = Debug|Win32
		{F472E03C-2FBA-38BA-BA7E-B9B598185DB4}.Debug|Win32.Build.0 = Debug|Win32
		{F472E03C-2FBA-38BA-BA7E-B9B598185DB4}.Debug|x64.ActiveCfg = Debug|x64
		{F472E03C-2FBA-38BA-BA7E-B9B598185DB4}.Debug|x64.Build.0 = Debug|x64
		{F472E03C-2FBA-38BA-BA7E-B9B598185DB4}.Release|Win32.ActiveCfg = Release|Win32
		{F472E03C-2FBA-38BA-BA7E-B9B598185DB4}.Release|Win32.Build.0 = Release|Win32
		{F472E03C-2FBA-38BA-BA7E-B9B598185DB4}.Release|x64.ActiveCfg = Release|x64
		{F472E03C-2FBA-38BA-BA7E-B9B598185DB4}.Release|x64.Build.0 = Release|x64
		{B5F90EFD-58C2-3C8C-A56F-D8642C949002}.Debug|Win32.ActiveCfg = Debug|Win32
		{B5F90EFD-58C2-3C8C-A56F-D8642C949002}.Debug|Win32.Build.0 = Debug|Win32
		{B5F90EFD-58C2-3C8C-A56F-D8642C949002}.Debug|x64.ActiveCfg = Debug|x64
		{B5F90EFD-58C2-3C8C-A56F-D8642C949002}.Debug|x64.Build.0 = Debug|x64
		{B5F90EFD-58C2-3C8C-A56F-D8642C949002}.Release|Win32.ActiveCfg = Release|Win32
		{B5F90EFD-58C2-3C8C-A56F-D8642C949002}.Release|Win32.Build.0 = Release|Win32
		{B5F90EFD-58C2-3C8C-A56F-D8642C949002}.Release|x64.ActiveCfg = Release|x64
		{B5F90EFD-58C2-3C8C-A56F-D8642C949002}.Release|x64.Build.0 = Release|x64
		{853F6578-BEFF-3B61-831F-665CE04726F2}.Debug|Win32.ActiveCfg = Debug|Win32
		{853F6578-BEFF-3B61-831F-665CE04726F2}.Debug|Win32.Build.0 = Debug|Win32
		{853F6578-BEFF-3B61-831F-665CE04726F2}.Debug|x64.ActiveCfg = Debug|x64
		{853F6578-BEFF-3B61-831F-665CE04726F2}.Debug|x64.Build.0 = Debug|x64
		{853F6578-BEFF-3B61-831F-665CE04726F2}.Release|Win32.ActiveCfg = Release|Win32
		{853F6578-BEFF-3B61-831F-665CE04726F2}.Release|Win32.Build.0 = Release|Win32
		{853F6578-BEFF-3B61-831F-665CE04726F2}.Release|x64.ActiveCfg = Release|x64
		{853F6578-BEFF-3B61-831F-665CE04726F2}.Release|x64.Build.0 = Release|x64
		{3B835920-6653-3EA6-92CA-73634E09BB81}.Debug|Win32.ActiveCfg = Debug|Win32
		{3B835920-6653-3EA6-92CA-73634E09BB81}.Debug|Win32.Build.0 = Debug|Win32
		{3B835920-6653-3EA6-92CA-73634E09BB81}.Debug|x64.ActiveCfg = Debug|x64
		{3B835920-6653-3EA6-92CA-73634E09BB81}.Debug|x64.Build.0 = Debug|x64
		{3B835920-6653-3EA6-92CA-73634E09BB81}.Release|Win32.ActiveCfg = Release|Win32
		{3B835920-6653-3EA6-92CA-73634E09BB81}.Release|Win32.Build.0 = Release|Win32
		{3B835920-6653-3EA6-92CA-73634E09BB81}.Release|x64.ActiveCfg = Release|x64
		{3B835920-6653-3EA6-92CA-73634E09BB81}.Release|x64.Build.0 = Release|x64
		{451EB131-8C65-3815-AC62-9D4827FFE6B6}.Debug|Win32.ActiveCfg = Debug|Win32
		{451EB131-8C65-3815-AC62-9D4827FFE6B6}.Debug|Win32.Build.0 = Debug|Win32
		{451EB131-8C65-3815-AC62-9D4827FFE6B6}.Debug|x64.ActiveCfg = Debug|x64
		{451EB131-8C65-3815-AC62-9D4827FFE6B6}.Debug|x64.Build.0 = Debug|x64
		{451EB131-8C65-3815-AC62-9D4827FFE6B6}.Release|Win32.ActiveCfg = Release|Win32
		{451EB131-8C65-3815-AC62-9D4827FFE6B6}.Release|Win32.Build.0 = Release|Win32
		{451EB131-8C65-3815-AC62-9D4827FFE6B6}.Release|x64.ActiveCfg = Release|x64
		{451EB131-8C65-3815-AC62-9D4827FFE6B6}.Release|x64.Build.0 = Release|x64
		{DEE9708E-32EF-3BFD-99B6-D089FF932C77}.Debug|Win32.ActiveCfg = Debug|Win32
		{DEE9708E-32EF-3BFD-99B6-D089FF932C77}.Debug|Win32.Build.0 = Debug|Win32
		{DEE9708E-32EF-3BFD-99B6-D089FF932C77}.Debug|x64.ActiveCfg = Debug|x64
		{DEE9708E-32EF-3BFD-99B6-D089FF932C77}.Debug|x64.Build.0 = Debug|x64
		{DEE9708E-32EF-3BFD-99B6-D089FF932C77}.Release|Win32.ActiveCfg = Release|Win32
		{DEE9708E-32EF-3BFD-99B6-D089FF932C77}.Release|Win32.Build.0 = Release|Win32
		{DEE9708E-32EF-3BFD-99B6-D089FF932C77}.Release|x64.ActiveCfg = Release|x64
		{DEE9708E-32EF-3BFD-99B6-D089FF932C77}.Release|x64.Build.0 = Release|x64
		{96D8EE70-E670-372B-9F02-11225B5A9657}.Debug|Win32.ActiveCfg = Debug|Win32
		{96D8EE70-E670-372B-9F02-11225B5A9657}.Debug|Win32.Build.0 = Debug|Win32
		{96D8EE70-E670-372B-9F02-11225B5A9657}.Debug|x64.ActiveCfg = Debug|x64
		{96D8EE70-E670-372B-9F02-11225B5A9657}.Debug|x64.Build.0 = Debug|x64
		{96D8EE70-E670-372B-9F02-11225B5A9657}.Release|Win32.ActiveCfg = Release|Win32
		{96D8EE70-E670-372B-9F02-11225B5A9657}.Release|Win32.Build.0 = Release|Win32
		{96D8EE70-E670-372B-9F02-11225B5A9657}.Release|x64.ActiveCfg = Release|x64
		{96D8EE70-E670-372B-9F02-11225B5A9657}.Release|x64.Build.0 = Release|x64
		{C1A69B84-C215-377B-90A5-6F54F31AB13A}.Debug|Win32.ActiveCfg = Debug|Win32
		{C1A69B84-C215-377B-90A5-6F54F31AB13A}.Debug|Win32.Build.0 = Debug|Win32
		{C1A69B84-C215-377B-90A5-6F54F31AB13A}.Debug|x64.ActiveCfg = Debug|x64
		{C1A69B84-C215-377B-90A5-6F54F31AB13A}.Debug|x64.Build.0 = Debug|x64
		{C1A69B84-C215-377B-90A5-6F54F31AB13A}.Release|Win32.ActiveCfg = Release|Win32
		{C1A69B84-C215-377B-90A5-6F54F31AB13A}.Release|Win32.Build.0 = Release|Win32
		{C1A69B84-C215-377B-90A5-6F54F31AB13A}.Release|x64.ActiveCfg = Release|x64
		{C1A69B84-C215-377B-90A5-6F54F31AB13A}.Release|x64.Build.0 = Release|x64
		{EB653DA0-96CB-376E-8BE7-6B9C67DAA59A}.Debug|Win32.ActiveCfg = Debug|Win32
		{EB653DA0-96CB-376E-8BE7-6B9C67DAA59A}.Debug|Win32.Build.0 = Debug|Win32
		{EB653DA0-96CB-376E-8BE7-6B9C67DAA59A}.Debug|x64.ActiveCfg = Debug|x64
		{EB653DA0-96CB-376E-8BE7-6B9C67DAA59A}.Debug|x64.Build.0 = Debug|x64
		{EB653DA0-96CB-376E-8BE7-6B9C67DAA59A}.Release|Win32.ActiveCfg = Release|Win32
		{EB653DA0-96CB-376E-8BE7-6B9C67DAA59A}.Release|Win32.Build.0 = Release|Win32
		{EB653DA0-96CB-376E-8BE7-6B9C67DAA59A}.Release|x64.ActiveCfg = Release|x64
		{EB653DA0-96CB-376E-8BE7-6B9C67DAA59A}.Release|x64.Build.0 = Release|x64
		{A6DFA2B2-EB78-3F17-961C-86AF4554EA44}.Debug|Win32.ActiveCfg = Debug|Win32
		{A6DFA2B2-EB78-3F17-961C-86AF4554EA44}.Debug|Win32.Build.0 = Debug|Win32
		{A6DFA2B2-EB78-3F17-961C-86AF4554EA44}.Debug|x64.ActiveCfg = Debug|x64
		{A6DFA2B2-EB78-3F17-961C-86AF4554EA44}.Debug|x64.Build.0 = Debug|x64
		{A6DFA2B2-EB78-3F17-961C-86AF4554EA44}.Release|Win32.ActiveCfg = Release|Win32
		{A6DFA2B2-EB78-3F17-961C-86AF4554EA44}.Release|Win32.Build.0 = Release|Win32
		{A6DFA2B2-EB78-3F17-961C-86AF4554EA44}.Release|x64.ActiveCfg = Release|x64
		{A6DFA2B2-EB78-3F17-961C-86AF4554EA44}.Release|x64.Build.0 = Release|x64
		{7CBED15F-98AC-3ADB-85C4-B9D1BB6DBB99}.Debug|Win32.ActiveCfg = Debug|Win32
		{7CBED15F-98AC-3ADB-85C4-B9D1BB6DBB99}.Debug|Win32.Build.0 = Debug|Win32
		{7CBED15F-98AC-3ADB-85C4-B9D1BB6DBB99}.Debug|x64.ActiveCfg = Debug|x64
		{7CBED15F-98AC-3ADB-85C4-B9D1BB6DBB99}.Debug|x64.Build.0 = Debug|x64
		{7CBED15F-98AC-3ADB-85C4-B9D1BB6DBB99}.Release|Win32.ActiveCfg = Release|Win32
		{7CBED15F-98AC-3ADB-85C4-B9D1BB6DBB99}.Release|Win32.Build.0 = Release|Win32
		{7CBED15F-98AC-3ADB-85C4-B9D1BB6DBB99}.Release|x64.ActiveCfg = Release|x64
		{7CBED15F-98AC-3ADB-85C4-B9D1BB6DBB99}.Release|x64.Build.0 = Release|x64
		{426311F3-C83A-3759-B971-B25701337149}.Debug|Win32.ActiveCfg = Debug|Win32
		{426311F3-C83A-3759-B971-B25701337149}.Debug|Win32.Build.0 = Debug|Win32
		{426311F3-C83A-3759-B971-B25701337149}.Debug|x64.ActiveCfg = Debug|x64
		{426311F3-C83A-3759-B971-B25701337149}.Debug|x64.Build.0 = Debug|x64
		{426311F3-C83A-3759-B971-B25701337149}.Release|Win32.ActiveCfg = Release|Win32
		{426311F3-C83A-3759-B971-B25701337149}.Release|Win32.Build.0 = Release|Win32
		{426311F3-C83A-3759-B971-B25701337149}.Release|x64.ActiveCfg = Release|x64
		{426311F3-C83A-3759-B971-B25701337149}.Release|x64.Build.0 = Release|x64
		{639FC6D5-A5DA-34EF-894D-9C7032F05487}.Debug|Win32.ActiveCfg = Debug|Win32
		{639FC6D5-A5DA-34EF-894D-9C7032F05487}.Debug|Win32.Build.0 = Debug|Win32
		{639FC6D5-A5DA-34EF-894D-9C7032F05487}.Debug|x64.ActiveCfg = Debug|x64
		{639FC6D5-A5DA-34EF-894D-9C7032F05487}.Debug|x64.Build.0 = Debug|x64
		{639FC6D5-A5DA-34EF-894D-9C7032F05487}.Release|Win32.ActiveCfg = Release|Win32
		{639FC6D5-A5DA-34EF-894D-9C7032F05487}.Release|Win32.Build.0 = Release|Win32
		{639FC6D5-A5DA-34EF-894D-9C7032F05487}.Release|x64.ActiveCfg = Release|x64
		{639FC6D5-A5DA-34EF-894D-9C7032F05487}.Release|x64.Build.0 = Release|x64
		{397CB09A-8FF5-3E0A-B808-42D4CAA916B0}.Debug|Win32.ActiveCfg = Debug|Win32
		{397CB09A-8FF5-3E0A-B808-42D4CAA916B0}.Debug|Win32.Build.0 = Debug|Win32
		{397CB09A-8FF5-3E0A-B808-42D4CAA916B0}.Debug|x64.ActiveCfg = Debug|x64
		{397CB09A-8FF5-3E0A-B808-42D4CAA916B0}.Debug|x64.Build.0 = Debug|x64
		{397CB09A-8FF5-3E0A-B808-42D4CAA916B0}.Release|Win32.ActiveCfg = Release|Win32
		{397CB09A-8FF5-3E0A-B808-42D4CAA916B0}.Release|Win32.Build.0 = Release|Win32
		{397CB09A-8FF5-3E0A-B808-42D4CAA916B0}.Release|x64.ActiveCfg = Release|x64
		{397CB09A-8FF5-3E0A-B808-42D4CAA916B0}.Release|x64.Build.0 = Release|x64
		{E3935FB2-7F61-3811-A97C-5C8D5442DACC}.Debug|Win32.ActiveCfg = Debug|Win32
		{E3935FB2-7F61-3811-A97C-5C8D5442DACC}.Debug|Win32.Build.0 = Debug|Win32
		{E3935FB2-7F61-3811-A97C-5C8D5442DACC}.Debug|x64.ActiveCfg = Debug|x64
		{E3935FB2-7F61-3811-A97C-5C8D5442DACC}.Debug|x64.Build.0 = Debug|x64
		{E3935FB2-7F61-3811-A97C-5C8D5442DACC}.Release|Win32.ActiveCfg = Release|Win32
		{E3935FB2-7F61-3811-A97C-5C8D5442DACC}.Release|Win32.Build.0 = Release|Win32
		{E3935FB2-7F61-3811-A97C-5C8D5442DACC}.Release|x64.ActiveCfg = Release|x64
		{E3935FB2-7F61-3811-A97C-5C8D5442DACC}.Release|x64.Build.0 = Release|x64
		{6F7C5E97-E11F-3925-BD79-00FB8512CE69}.Debug|Win32.ActiveCfg = Debug|Win32
		{6F7C5E97-E11F-3925-BD79-00FB8512CE69}.Debug|Win32.Build.0 = Debug|Win32
		{6F7C5E97-E11F-3925-BD79-00FB8512CE69}.Debug|x64.ActiveCfg = Debug|x64
		{6F7C5E97-E11F-3925-BD79-00FB8512CE69}.Debug|x64.Build.0 = Debug|x64
		{6F7C5E97-E11F-3925-BD79-00FB8512CE69}.Release|Win32.ActiveCfg = Release|Win32
		{6F7C5E97-E11F-3925-BD79-00FB8512CE69}.Release|Win32.Build.0 = Release|Win32
		{6F7C5E97-E11F-3925-BD79-00FB8512CE69}.Release|x64.ActiveCfg = Release|x64
		{6F7C5E97-E11F-3925-BD79-00FB8512CE69}.Release|x64.Build.0 = Release|x64
		{54DE668F-5D2F-3B0D-B166-2148B924BC8F}.Debug|Win32.ActiveCfg = Debug|Win32
		{54DE668F-5D2F-3B0D-B166-2148B924BC8F}.Debug|Win32.Build.0 = Debug|Win32
		{54DE668F-5D2F-3B0D-B166-2148B924BC8F}.Debug|x64.ActiveCfg = Debug|x64
		{54DE668F-5D2F-3B0D-B166-2148B924BC8F}.Debug|x64.Build.0 = Debug|x64
		{54DE668F-5D2F-3B0D-B166-2148B924BC8F}.Release|Win32.ActiveCfg = Release|Win32
		{54DE668F-5D2F-3B0D-B166-2148B924BC8F}.Release|Win32.Build.0 = Release|Win32
		{54DE668F-5D2F-3B0D-B166-2148B924BC8F}.Release|x64.ActiveCfg = Release|x64
		{54DE668F-5D2F-3B0D-B166-2148B924BC8F}.Release|x64.Build.0 = Release|x64
		{755394FB-A433-3653-9232-3B6DDB66A2C5}.Debug|Win32.ActiveCfg = Debug|Win32
		{755394FB-A433-3653-9232-3B6DDB66A2C5}.Debug|Win32.Build.0 = Debug|Win32
		{755394FB-A433-3653-9232-3B6DDB66A2C5}.Debug|x64.ActiveCfg = Debug|x64
		{755394FB-A433-3653-9232-3B6DDB66A2C5}.Debug|x64.Build.0 = Debug|x64
		{755394FB-A433-3653-9232-3B6DDB66A2C5}.Release|Win32.ActiveCfg = Release|Win32
		{755394FB-A433-3653-9232-3B6DDB66A2C5}.Release|Win32.Build.0 = Release|Win32
		{755394FB-A433-3653-9232-3B6DDB66A2C5}.Release|x64.ActiveCfg = Release|x64
		{755394FB-A433-3653-9232-3B6DDB66A2C5}.Release|x64.Build.0 = Release|x64
		{B74865B7-0702-3E95-9051-5ACEBD378532}.Debug|Win32.ActiveCfg = Debug|Win32
		{B74865B7-0702-3E95-9051-5ACEBD378532}.Debug|Win32.Build.0 = Debug|Win32
		{B74865B7-0702-3E95-9051-5ACEBD378532}.Debug|x64.ActiveCfg = Debug|x64
		{B74865B7-0702-3E95-9051-5ACEBD378532}.Debug|x64.Build.0 = Debug|x64
		{B74865B7-0702-3E95-9051-5ACEBD378532}.Release|Win32.ActiveCfg = Release|Win32
		{B74865B7-0702-3E95-9051-5ACEBD378532}.Release|Win32.Build.0 = Release|Win32
		{B74865B7-0702-3E95-9051-5ACEBD378532}.Release|x64.ActiveCfg = Release|x64
		{B74865B7-0702-3E95-9051-5ACEBD378532}.Release|x64.Build.0 = Release|x64
		{322B7BFD-0E2F-3934-A862-6D9467716C74}.Debug|Win32.ActiveCfg = Debug|Win32
		{322B7BFD-0E2F-3934-A862-6D9467716C74}.Debug|Win32.Build.0 = Debug|Win32
		{322B7BFD-0E2F-3934-A862-6D9467716C74}.Debug|x64.ActiveCfg = Debug|x64
		{322B7BFD-0E2F-3934-A862-6D9467716C74}.Debug|x64.Build.0 = Debug|x64
		{322B7BFD-0E2F-3934-A862-6D9467716C74}.Release|Win32.ActiveCfg = Release|Win32
		{322B7BFD-0E2F-3934-A862-6D9467716C74}.Release|Win32.Build.0 = Release|Win32
		{322B7BFD-0E2F-3934-A862-6D9467716C74}.Release|x64.ActiveCfg = Release|x64
		{322B7BFD-0E2F-3934-A862-6D9467716C74}.Release|x64.Build.0 = Release|x64
		{E242F1C0-FE19-3055-B79E-BAF2B8641108}.Debug|Win32.ActiveCfg = Debug|Win32
		{E242F1C0-FE19-3055-B79E-BAF2B8641108}.Debug|Win32.Build.0 = Debug|Win32
		{E242F1C0-FE19-3055-B79E-BAF2B8641108}.Debug|x64.ActiveCfg = Debug|x64
		{E242F1C0-FE19-3055-B79E-BAF2B8641108}.Debug|x64.Build.0 = Debug|x64
		{E242F1C0-FE19-3055-B79E-BAF2B8641108}.Release|Win32.ActiveCfg = Release|Win32
		{E242F1C0-FE19-3055-B79E-BAF2B8641108}.Release|Win32.Build.0 = Release|Win32
		{E242F1C0-FE19-3055-B79E-BAF2B8641108}.Release|x64.ActiveCfg = Release|x64
		{E242F1C0-FE19-3055-B79E-BAF2B8641108}.Release|x64.Build.0 = Release|x64
		{F7715081-DC21-3700-B974-85A87C8AD040}.Debug|Win32.ActiveCfg = Debug|Win32
		{F7715081-DC21-3700-B974-85A87C8AD040}.Debug|Win32.Build.0 = Debug|Win32
		{F7715081-DC21-3700-B974-85A87C8AD040}.Debug|x64.ActiveCfg = Debug|x64
		{F7715081-DC21-3700-B974-85A87C8AD040}.Debug|x64.Build.0 = Debug|x64
		{F7715081-DC21-3700-B974-85A87C8AD040}.Release|Win32.ActiveCfg = Release|Win32
		{F7715081-DC21-3700-B974-85A87C8AD040}.Release|Win32.Build.0 = Release|Win32
		{F7715081-DC21-3700-B974-85A87C8AD040}.Release|x64.ActiveCfg = Release|x64
		{F7715081-DC21-3700-B974-85A87C8AD040}.Release|x64.Build.0 = Release|x64
		{1FD4E8D3-D743-3A05-8133-0D3C2DB7CB5A}.Debug|Win32.ActiveCfg = Debug|Win32
		{1FD4E8D3-D743-3A05-8133-0D3C2DB7CB5A}.Debug|Win32.Build.0 = Debug|Win32
		{1FD4E8D3-D743-3A05-8133-0D3C2DB7CB5A}.Debug|x64.ActiveCfg = Debug|x64
		{1FD4E8D3-D743-3A05-8133-0D3C2DB7CB5A}.Debug|x64.Build.0 = Debug|x64
		{1FD4E8D3-D743-3A05-8133-0D3C2DB7CB5A}.Release|Win32.ActiveCfg = Release|Win32
		{1FD4E8D3-D743-3A05-8133-0D3C2DB7CB5A}.Release|Win32.Build.0 = Release|Win32
		{1FD4E8D3-D743-3A05-8133-0D3C2DB7CB5A}.Release|x64.ActiveCfg = Release|x64
		{1FD4E8D3-D743-3A05-8133-0D3C2DB7CB5A}.Release|x64.Build.0 = Release|x64
		{CC21ADB1-6039-37EA-9E6A-5554053A07A1}.Debug|Win32.ActiveCfg = Debug|Win32
		{CC21ADB1-6039-37EA-9E6A-5554053A07A1}.Debug|Win32.Build.0 = Debug|Win32
		{CC21ADB1-6039-37EA-9E6A-5554053A07A1}.Debug|x64.ActiveCfg = Debug|x64
		{CC21ADB1-6039-37EA-9E6A-5554053A07A1}.Debug|x64.Build.0 = Debug|x64
		{CC21ADB1-6039-37EA-9E6A-5554053A07A1}.Release|Win32.ActiveCfg = Release|Win32
		{CC21ADB1-6039-37EA-9E6A-5554053A07A1}.Release|Win32.Build.0 = Release|Win32
		{CC21ADB1-6039-37EA-9E6A-5554053A07A1}.Release|x64.ActiveCfg = Release|x64
		{CC21ADB1-6039-37EA-9E6A-5554053A07A1}.Release|x64.Build.0 = Release|x64
		{3D9AD063-7F21-3E2B-9432-32B1815AA646}.Debug|Win32.ActiveCfg = Debug|Win32
		{3D9AD063-7F21-3E2B-9432-32B1815AA646}.Debug|Win32.Build.0 = Debug|Win32
		{3D9AD063-7F21-3E2B-9432-32B1815AA646}.Debug|x64.ActiveCfg = Debug|x64
		{3D9AD063-7F21-3E2B-9432-32B1815AA646}.Debug|x64.Build.0 = Debug|x64
		{3D9AD063-7F21-3E2B-9432-32B1815AA646}.Release|Win32.ActiveCfg = Release|Win32
		{3D9AD063-7F21-3E2B-9432-32B1815AA646}.Release|Win32.Build.0 = Release|Win32
		{3D9AD063-7F21-3E2B-9432-32B1815AA646}.Release|x64.ActiveCfg = Release|x64
		{3D9AD063-7F21-3E2B-9432-32B1815AA646}.Release|x64.Build.0 = Release|x64
		{334E6D48-730D-3181-B779-1CF09CF10613}.Debug|Win32.ActiveCfg = Debug|Win32
		{334E6D48-730D-3181-B779-1CF09CF10613}.Debug|Win32.Build.0 = Debug|Win32
		{334E6D48-730D-3181-B779-1CF09CF10613}.Debug|x64.ActiveCfg = Debug|x64
		{334E6D48-730D-3181-B779-1CF09CF10613}.Debug|x64.Build.0 = Debug|x64
		{334E6D48-730D-3181-B779-1CF09CF10613}.Release|Win32.ActiveCfg = Release|Win32
		{334E6D48-730D-3181-B779-1CF09CF10613}.Release|Win32.Build.0 = Release|Win32
		{334E6D48-730D-3181-B779-1CF09CF10613}.Release|x64.ActiveCfg = Release|x64
		{334E6D48-730D-3181-B779-1CF09CF10613}.Release|x64.Build.0 = Release|x64
	EndGlobalSection
	GlobalSection(SolutionProperties) = preSolution
		HideSolutionNode = FALSE
	EndGlobalSection
	GlobalSection(NestedProjects) = preSolution
		{AA3A7C90-4740-38EF-98A0-676EC7F73FD0} = {AE02132C-1B8D-4B35-A19A-096F924E7E45}
		{4AB92406-75C3-397A-AE0F-9EED036D2B35} = {AE02132C-1B8D-4B35-A19A-096F924E7E45}
		{50DD85A6-53D7-3E68-A34E-984FE9ABCB91} = {AE02132C-1B8D-4B35-A19A-096F924E7E45}
		{683514A9-69E9-3C77-B854-0993F9FD175C} = {AE02132C-1B8D-4B35-A19A-096F924E7E45}
		{C8D8DA26-9975-3083-AB7A-AF301570C14F} = {AE02132C-1B8D-4B35-A19A-096F924E7E45}
		{F472E03C-2FBA-38BA-BA7E-B9B598185DB4} = {AE02132C-1B8D-4B35-A19A-096F924E7E45}
		{B5F90EFD-58C2-3C8C-A56F-D8642C949002} = {AE02132C-1B8D-4B35-A19A-096F924E7E45}
		{853F6578-BEFF-3B61-831F-665CE04726F2} = {AE02132C-1B8D-4B35-A19A-096F924E7E45}
		{3B835920-6653-3EA6-92CA-73634E09BB81} = {AE02132C-1B8D-4B35-A19A-096F924E7E45}
		{6F031212-9B60-39A8-97A8-915294D65218} = {AE02132C-1B8D-4B35-A19A-096F924E7E45}
		{CC21ADB1-6039-37EA-9E6A-5554053A07A1} = {AE02132C-1B8D-4B35-A19A-096F924E7E45}
		{5B43DB31-4192-4977-A0D5-DAEBBB184313} = {DED45790-5967-4677-AE1F-582FEB85B783}
		{7CBED15F-98AC-3ADB-85C4-B9D1BB6DBB99} = {DED45790-5967-4677-AE1F-582FEB85B783}
		{426311F3-C83A-3759-B971-B25701337149} = {DED45790-5967-4677-AE1F-582FEB85B783}
		{60AF64E4-5804-4A71-8ED9-D89758C7DFE9} = {DED45790-5967-4677-AE1F-582FEB85B783}
		{6F7C5E97-E11F-3925-BD79-00FB8512CE69} = {DED45790-5967-4677-AE1F-582FEB85B783}
		{54DE668F-5D2F-3B0D-B166-2148B924BC8F} = {DED45790-5967-4677-AE1F-582FEB85B783}
		{755394FB-A433-3653-9232-3B6DDB66A2C5} = {DED45790-5967-4677-AE1F-582FEB85B783}
		{B74865B7-0702-3E95-9051-5ACEBD378532} = {DED45790-5967-4677-AE1F-582FEB85B783}
		{322B7BFD-0E2F-3934-A862-6D9467716C74} = {DED45790-5967-4677-AE1F-582FEB85B783}
		{3D9AD063-7F21-3E2B-9432-32B1815AA646} = {DED45790-5967-4677-AE1F-582FEB85B783}
		{A6DFA2B2-EB78-3F17-961C-86AF4554EA44} = {5B43DB31-4192-4977-A0D5-DAEBBB184313}
		{EB653DA0-96CB-376E-8BE7-6B9C67DAA59A} = {5B43DB31-4192-4977-A0D5-DAEBBB184313}
		{334E6D48-730D-3181-B779-1CF09CF10613} = {5B43DB31-4192-4977-A0D5-DAEBBB184313}
		{397CB09A-8FF5-3E0A-B808-42D4CAA916B0} = {60AF64E4-5804-4A71-8ED9-D89758C7DFE9}
		{E3935FB2-7F61-3811-A97C-5C8D5442DACC} = {60AF64E4-5804-4A71-8ED9-D89758C7DFE9}
		{C1A69B84-C215-377B-90A5-6F54F31AB13A} = {60AF64E4-5804-4A71-8ED9-D89758C7DFE9}
		{639FC6D5-A5DA-34EF-894D-9C7032F05487} = {60AF64E4-5804-4A71-8ED9-D89758C7DFE9}
	EndGlobalSection
EndGlobal
