Microsoft Visual Studio Solution File, Format Version 10.00
# Visual Studio 2008
Project("{8BC9CEB8-8B4A-11D0-8D11-00A0C91BC942}") = "gtest", "third-part\gtest\gtest.vcproj", "{6F031212-9B60-39A8-97A8-915294D65218}"
EndProject
Project("{8BC9CEB8-8B4A-11D0-8D11-00A0C91BC942}") = "png", "third-part\png\png.vcproj", "{8634016B-84A9-3C15-8414-AD2DAA2CD18D}"
EndProject
Project("{8BC9CEB8-8B4A-11D0-8D11-00A0C91BC942}") = "skia", "third-part\skia\skia.vcproj", "{322E2332-B99F-3DC4-B951-FDB39049F2CC}"
EndProject
Project("{8BC9CEB8-8B4A-11D0-8D11-00A0C91BC942}") = "zlib", "third-part\zlib\zlib.vcproj", "{620A15FB-3FA9-30AB-82B6-F564437A3F18}"
EndProject
Project("{8BC9CEB8-8B4A-11D0-8D11-00A0C91BC942}") = "smiley", "third-part\smiley\smiley.vcproj", "{F0BF7A67-D6B2-3D33-AC39-1F2371E85AFA}"
EndProject
Project("{8BC9CEB8-8B4A-11D0-8D11-00A0C91BC942}") = "mhook", "third-part\mhook\mhook.vcproj", "{34B41889-6120-37F8-9880-02C8DB256C03}"
EndProject
Project("{8BC9CEB8-8B4A-11D0-8D11-00A0C91BC942}") = "7z", "third-part\7z\7z.vcproj", "{E4B6E190-4D6B-34F0-8D39-12BA93449092}"
EndProject
Project("{8BC9CEB8-8B4A-11D0-8D11-00A0C91BC942}") = "scintilla", "third-part\scintilla\scintilla.vcproj", "{9F3D53F1-0FFC-3DE1-B372-A933874CE02F}"
EndProject
Project("{8BC9CEB8-8B4A-11D0-8D11-00A0C91BC942}") = "sqlite3", "third-part\sqlite3\sqlite3.vcproj", "{C41E711D-FDF1-30EB-89EB-6C60BF8A5BEC}"
EndProject
Project("{8BC9CEB8-8B4A-11D0-8D11-00A0C91BC942}") = "jsoncpp", "third-part\jsoncpp\jsoncpp.vcproj", "{F9DFE108-9FA5-31AC-8B1D-B2F96E4B0827}"
EndProject
Project("{8BC9CEB8-8B4A-11D0-8D11-00A0C91BC942}") = "utilities4", "utilities\utilities4.vcproj", "{451EB131-8C65-3815-AC62-9D4827FFE6B6}"
EndProject
Project("{8BC9CEB8-8B4A-11D0-8D11-00A0C91BC942}") = "soui-sys-resource", "soui-sys-resource\soui-sys-resource.vcproj", "{1A31F2FC-C9EC-32FE-BA94-951406803931}"
EndProject
Project("{8BC9CEB8-8B4A-11D0-8D11-00A0C91BC942}") = "soui4", "SOUI\soui4.vcproj", "{96D8EE70-E670-372B-9F02-11225B5A9657}"
	ProjectSection(ProjectDependencies) = postProject
		{451EB131-8C65-3815-AC62-9D4827FFE6B6} = {451EB131-8C65-3815-AC62-9D4827FFE6B6}
		{1A31F2FC-C9EC-32FE-BA94-951406803931} = {1A31F2FC-C9EC-32FE-BA94-951406803931}
		{451EB131-8C65-3815-AC62-9D4827FFE6B6} = {451EB131-8C65-3815-AC62-9D4827FFE6B6}
	EndProjectSection
EndProject
Project("{8BC9CEB8-8B4A-11D0-8D11-00A0C91BC942}") = "imgdecoder-wic", "components\imgdecoder-wic\imgdecoder-wic.vcproj", "{33884406-DCF6-37C9-831C-1BDEDE8958DA}"
EndProject
Project("{8BC9CEB8-8B4A-11D0-8D11-00A0C91BC942}") = "render-gdi", "components\render-gdi\render-gdi.vcproj", "{0C189C40-520D-37F9-8F37-83A9536A25B7}"
	ProjectSection(ProjectDependencies) = postProject
		{451EB131-8C65-3815-AC62-9D4827FFE6B6} = {451EB131-8C65-3815-AC62-9D4827FFE6B6}
	EndProjectSection
EndProject
Project("{8BC9CEB8-8B4A-11D0-8D11-00A0C91BC942}") = "render-skia", "components\render-skia\render-skia.vcproj", "{ED50912E-2664-348C-A5C7-D4939ED1EBFE}"
	ProjectSection(ProjectDependencies) = postProject
		{322E2332-B99F-3DC4-B951-FDB39049F2CC} = {322E2332-B99F-3DC4-B951-FDB39049F2CC}
		{451EB131-8C65-3815-AC62-9D4827FFE6B6} = {451EB131-8C65-3815-AC62-9D4827FFE6B6}
		{322E2332-B99F-3DC4-B951-FDB39049F2CC} = {322E2332-B99F-3DC4-B951-FDB39049F2CC}
	EndProjectSection
EndProject
Project("{8BC9CEB8-8B4A-11D0-8D11-00A0C91BC942}") = "translator", "components\translator\translator.vcproj", "{A8B16DD0-2C19-3509-B8D9-E9B746CC9607}"
	ProjectSection(ProjectDependencies) = postProject
		{451EB131-8C65-3815-AC62-9D4827FFE6B6} = {451EB131-8C65-3815-AC62-9D4827FFE6B6}
		{451EB131-8C65-3815-AC62-9D4827FFE6B6} = {451EB131-8C65-3815-AC62-9D4827FFE6B6}
	EndProjectSection
EndProject
Project("{8BC9CEB8-8B4A-11D0-8D11-00A0C91BC942}") = "resprovider-zip", "components\resprovider-zip\resprovider-zip.vcproj", "{5A4D4054-B864-3DA8-AF4C-C2C6877E0B69}"
	ProjectSection(ProjectDependencies) = postProject
		{620A15FB-3FA9-30AB-82B6-F564437A3F18} = {620A15FB-3FA9-30AB-82B6-F564437A3F18}
		{451EB131-8C65-3815-AC62-9D4827FFE6B6} = {451EB131-8C65-3815-AC62-9D4827FFE6B6}
		{620A15FB-3FA9-30AB-82B6-F564437A3F18} = {620A15FB-3FA9-30AB-82B6-F564437A3F18}
		{451EB131-8C65-3815-AC62-9D4827FFE6B6} = {451EB131-8C65-3815-AC62-9D4827FFE6B6}
	EndProjectSection
EndProject
Project("{8BC9CEB8-8B4A-11D0-8D11-00A0C91BC942}") = "imgdecoder-stb", "components\imgdecoder-stb\imgdecoder-stb.vcproj", "{009540A5-B216-3270-A77A-1D2B32B4332F}"
EndProject
Project("{8BC9CEB8-8B4A-11D0-8D11-00A0C91BC942}") = "imgdecoder-png", "components\imgdecoder-png\imgdecoder-png.vcproj", "{EAF76647-09D4-3520-B844-1FA93D665829}"
	ProjectSection(ProjectDependencies) = postProject
		{620A15FB-3FA9-30AB-82B6-F564437A3F18} = {620A15FB-3FA9-30AB-82B6-F564437A3F18}
		{8634016B-84A9-3C15-8414-AD2DAA2CD18D} = {8634016B-84A9-3C15-8414-AD2DAA2CD18D}
		{620A15FB-3FA9-30AB-82B6-F564437A3F18} = {620A15FB-3FA9-30AB-82B6-F564437A3F18}
		{8634016B-84A9-3C15-8414-AD2DAA2CD18D} = {8634016B-84A9-3C15-8414-AD2DAA2CD18D}
	EndProjectSection
EndProject
Project("{8BC9CEB8-8B4A-11D0-8D11-00A0C91BC942}") = "imgdecoder-gdip", "components\imgdecoder-gdip\imgdecoder-gdip.vcproj", "{88BE59BE-6162-38F2-AA0F-AEC72710DF61}"
EndProject
Project("{8BC9CEB8-8B4A-11D0-8D11-00A0C91BC942}") = "scriptmodule-lua", "components\ScriptModule-LUA\scriptmodule-lua.vcproj", "{6F7C5E97-E11F-3925-BD79-00FB8512CE69}"
	ProjectSection(ProjectDependencies) = postProject
		{96D8EE70-E670-372B-9F02-11225B5A9657} = {96D8EE70-E670-372B-9F02-11225B5A9657}
		{96D8EE70-E670-372B-9F02-11225B5A9657} = {96D8EE70-E670-372B-9F02-11225B5A9657}
		{451EB131-8C65-3815-AC62-9D4827FFE6B6} = {451EB131-8C65-3815-AC62-9D4827FFE6B6}
	EndProjectSection
EndProject
Project("{8BC9CEB8-8B4A-11D0-8D11-00A0C91BC942}") = "log4z", "components\log4z\log4z.vcproj", "{9013A1BF-D121-3B74-9273-98713192DBEA}"
EndProject
Project("{8BC9CEB8-8B4A-11D0-8D11-00A0C91BC942}") = "resprovider-7zip", "components\resprovider-7zip\resprovider-7zip.vcproj", "{C6FF4750-3F6A-3C89-BE16-851E6B83DF8B}"
	ProjectSection(ProjectDependencies) = postProject
		{E4B6E190-4D6B-34F0-8D39-12BA93449092} = {E4B6E190-4D6B-34F0-8D39-12BA93449092}
		{451EB131-8C65-3815-AC62-9D4827FFE6B6} = {451EB131-8C65-3815-AC62-9D4827FFE6B6}
		{E4B6E190-4D6B-34F0-8D39-12BA93449092} = {E4B6E190-4D6B-34F0-8D39-12BA93449092}
		{451EB131-8C65-3815-AC62-9D4827FFE6B6} = {451EB131-8C65-3815-AC62-9D4827FFE6B6}
	EndProjectSection
EndProject
Project("{8BC9CEB8-8B4A-11D0-8D11-00A0C91BC942}") = "TaskLoop", "components\TaskLoop\TaskLoop.vcproj", "{C812624A-49D3-3B14-B039-47449EF5DD18}"
	ProjectSection(ProjectDependencies) = postProject
		{451EB131-8C65-3815-AC62-9D4827FFE6B6} = {451EB131-8C65-3815-AC62-9D4827FFE6B6}
		{451EB131-8C65-3815-AC62-9D4827FFE6B6} = {451EB131-8C65-3815-AC62-9D4827FFE6B6}
	EndProjectSection
EndProject
Project("{8BC9CEB8-8B4A-11D0-8D11-00A0C91BC942}") = "SIpcObject", "components\SIpcObject\SIpcObject.vcproj", "{DEB0C5AA-3706-34DC-A18B-6EF4CEA8A310}"
	ProjectSection(ProjectDependencies) = postProject
		{451EB131-8C65-3815-AC62-9D4827FFE6B6} = {451EB131-8C65-3815-AC62-9D4827FFE6B6}
	EndProjectSection
EndProject
Project("{8BC9CEB8-8B4A-11D0-8D11-00A0C91BC942}") = "demo", "demo\demo.vcproj", "{E242F1C0-FE19-3055-B79E-BAF2B8641108}"
	ProjectSection(ProjectDependencies) = postProject
		{451EB131-8C65-3815-AC62-9D4827FFE6B6} = {451EB131-8C65-3815-AC62-9D4827FFE6B6}
		{96D8EE70-E670-372B-9F02-11225B5A9657} = {96D8EE70-E670-372B-9F02-11225B5A9657}
		{34B41889-6120-37F8-9880-02C8DB256C03} = {34B41889-6120-37F8-9880-02C8DB256C03}
		{F0BF7A67-D6B2-3D33-AC39-1F2371E85AFA} = {F0BF7A67-D6B2-3D33-AC39-1F2371E85AFA}
	EndProjectSection
EndProject
Project("{8BC9CEB8-8B4A-11D0-8D11-00A0C91BC942}") = "demo2", "demo2\demo2.vcproj", "{F7715081-DC21-3700-B974-85A87C8AD040}"
	ProjectSection(ProjectDependencies) = postProject
		{451EB131-8C65-3815-AC62-9D4827FFE6B6} = {451EB131-8C65-3815-AC62-9D4827FFE6B6}
		{96D8EE70-E670-372B-9F02-11225B5A9657} = {96D8EE70-E670-372B-9F02-11225B5A9657}
	EndProjectSection
EndProject
Project("{2150E333-8FDC-42A3-9474-1A3956D46DE8}") = "components", "components", "{DED45790-5967-4677-AE1F-582FEB85B783}"
EndProject
Project("{2150E333-8FDC-42A3-9474-1A3956D46DE8}") = "third-part", "third-part", "{AE02132C-1B8D-4B35-A19A-096F924E7E45}"
EndProject
Project("{2150E333-8FDC-42A3-9474-1A3956D46DE8}") = "imgdecoder", "imgdecoder", "{60AF64E4-5804-4A71-8ED9-D89758C7DFE9}"
EndProject
Project("{2150E333-8FDC-42A3-9474-1A3956D46DE8}") = "render", "render", "{5B43DB31-4192-4977-A0D5-DAEBBB184313}"
EndProject
Project("{8BC9CEB8-8B4A-11D0-8D11-00A0C91BC942}") = "soui-sys-resource2", "soui-sys-resource2\soui-sys-resource2.vcproj", "{1FD4E8D3-D743-3A05-8133-0D3C2DB7CB5A}"
EndProject
Project("{8BC9CEB8-8B4A-11D0-8D11-00A0C91BC942}") = "lua-54", "third-part\lua-54\lua-54.vcproj", "{CC21ADB1-6039-37EA-9E6A-5554053A07A1}"
EndProject
Project("{8BC9CEB8-8B4A-11D0-8D11-00A0C91BC942}") = "HttpClient", "components\httpclient\httpclient.vcproj", "{3D9AD063-7F21-3E2B-9432-32B1815AA646}"
EndProject
Global
	GlobalSection(SolutionConfigurationPlatforms) = preSolution
		Debug|Win32 = Debug|Win32
		Release|Win32 = Release|Win32
	EndGlobalSection
	GlobalSection(ProjectConfigurationPlatforms) = postSolution
		{6F031212-9B60-39A8-97A8-915294D65218}.Debug|Win32.ActiveCfg = Debug|Win32
		{6F031212-9B60-39A8-97A8-915294D65218}.Debug|Win32.Build.0 = Debug|Win32
		{6F031212-9B60-39A8-97A8-915294D65218}.Release|Win32.ActiveCfg = Release|Win32
		{6F031212-9B60-39A8-97A8-915294D65218}.Release|Win32.Build.0 = Release|Win32
		{8634016B-84A9-3C15-8414-AD2DAA2CD18D}.Debug|Win32.ActiveCfg = Debug|Win32
		{8634016B-84A9-3C15-8414-AD2DAA2CD18D}.Debug|Win32.Build.0 = Debug|Win32
		{8634016B-84A9-3C15-8414-AD2DAA2CD18D}.Release|Win32.ActiveCfg = Release|Win32
		{8634016B-84A9-3C15-8414-AD2DAA2CD18D}.Release|Win32.Build.0 = Release|Win32
		{322E2332-B99F-3DC4-B951-FDB39049F2CC}.Debug|Win32.ActiveCfg = Debug|Win32
		{322E2332-B99F-3DC4-B951-FDB39049F2CC}.Debug|Win32.Build.0 = Debug|Win32
		{322E2332-B99F-3DC4-B951-FDB39049F2CC}.Release|Win32.ActiveCfg = Release|Win32
		{322E2332-B99F-3DC4-B951-FDB39049F2CC}.Release|Win32.Build.0 = Release|Win32
		{620A15FB-3FA9-30AB-82B6-F564437A3F18}.Debug|Win32.ActiveCfg = Debug|Win32
		{620A15FB-3FA9-30AB-82B6-F564437A3F18}.Debug|Win32.Build.0 = Debug|Win32
		{620A15FB-3FA9-30AB-82B6-F564437A3F18}.Release|Win32.ActiveCfg = Release|Win32
		{620A15FB-3FA9-30AB-82B6-F564437A3F18}.Release|Win32.Build.0 = Release|Win32
		{F0BF7A67-D6B2-3D33-AC39-1F2371E85AFA}.Debug|Win32.ActiveCfg = Debug|Win32
		{F0BF7A67-D6B2-3D33-AC39-1F2371E85AFA}.Debug|Win32.Build.0 = Debug|Win32
		{F0BF7A67-D6B2-3D33-AC39-1F2371E85AFA}.Release|Win32.ActiveCfg = Release|Win32
		{F0BF7A67-D6B2-3D33-AC39-1F2371E85AFA}.Release|Win32.Build.0 = Release|Win32
		{34B41889-6120-37F8-9880-02C8DB256C03}.Debug|Win32.ActiveCfg = Debug|Win32
		{34B41889-6120-37F8-9880-02C8DB256C03}.Debug|Win32.Build.0 = Debug|Win32
		{34B41889-6120-37F8-9880-02C8DB256C03}.Release|Win32.ActiveCfg = Release|Win32
		{34B41889-6120-37F8-9880-02C8DB256C03}.Release|Win32.Build.0 = Release|Win32
		{E4B6E190-4D6B-34F0-8D39-12BA93449092}.Debug|Win32.ActiveCfg = Debug|Win32
		{E4B6E190-4D6B-34F0-8D39-12BA93449092}.Debug|Win32.Build.0 = Debug|Win32
		{E4B6E190-4D6B-34F0-8D39-12BA93449092}.Release|Win32.ActiveCfg = Release|Win32
		{E4B6E190-4D6B-34F0-8D39-12BA93449092}.Release|Win32.Build.0 = Release|Win32
		{9F3D53F1-0FFC-3DE1-B372-A933874CE02F}.Debug|Win32.ActiveCfg = Debug|Win32
		{9F3D53F1-0FFC-3DE1-B372-A933874CE02F}.Debug|Win32.Build.0 = Debug|Win32
		{9F3D53F1-0FFC-3DE1-B372-A933874CE02F}.Release|Win32.ActiveCfg = Release|Win32
		{9F3D53F1-0FFC-3DE1-B372-A933874CE02F}.Release|Win32.Build.0 = Release|Win32
		{C41E711D-FDF1-30EB-89EB-6C60BF8A5BEC}.Debug|Win32.ActiveCfg = Debug|Win32
		{C41E711D-FDF1-30EB-89EB-6C60BF8A5BEC}.Debug|Win32.Build.0 = Debug|Win32
		{C41E711D-FDF1-30EB-89EB-6C60BF8A5BEC}.Release|Win32.ActiveCfg = Release|Win32
		{C41E711D-FDF1-30EB-89EB-6C60BF8A5BEC}.Release|Win32.Build.0 = Release|Win32
		{F9DFE108-9FA5-31AC-8B1D-B2F96E4B0827}.Debug|Win32.ActiveCfg = Debug|Win32
		{F9DFE108-9FA5-31AC-8B1D-B2F96E4B0827}.Debug|Win32.Build.0 = Debug|Win32
		{F9DFE108-9FA5-31AC-8B1D-B2F96E4B0827}.Release|Win32.ActiveCfg = Release|Win32
		{F9DFE108-9FA5-31AC-8B1D-B2F96E4B0827}.Release|Win32.Build.0 = Release|Win32
		{451EB131-8C65-3815-AC62-9D4827FFE6B6}.Debug|Win32.ActiveCfg = Debug|Win32
		{451EB131-8C65-3815-AC62-9D4827FFE6B6}.Debug|Win32.Build.0 = Debug|Win32
		{451EB131-8C65-3815-AC62-9D4827FFE6B6}.Release|Win32.ActiveCfg = Release|Win32
		{451EB131-8C65-3815-AC62-9D4827FFE6B6}.Release|Win32.Build.0 = Release|Win32
		{1A31F2FC-C9EC-32FE-BA94-951406803931}.Debug|Win32.ActiveCfg = Debug|Win32
		{1A31F2FC-C9EC-32FE-BA94-951406803931}.Debug|Win32.Build.0 = Debug|Win32
		{1A31F2FC-C9EC-32FE-BA94-951406803931}.Release|Win32.ActiveCfg = Release|Win32
		{1A31F2FC-C9EC-32FE-BA94-951406803931}.Release|Win32.Build.0 = Release|Win32
		{96D8EE70-E670-372B-9F02-11225B5A9657}.Debug|Win32.ActiveCfg = Debug|Win32
		{96D8EE70-E670-372B-9F02-11225B5A9657}.Debug|Win32.Build.0 = Debug|Win32
		{96D8EE70-E670-372B-9F02-11225B5A9657}.Release|Win32.ActiveCfg = Release|Win32
		{96D8EE70-E670-372B-9F02-11225B5A9657}.Release|Win32.Build.0 = Release|Win32
		{33884406-DCF6-37C9-831C-1BDEDE8958DA}.Debug|Win32.ActiveCfg = Debug|Win32
		{33884406-DCF6-37C9-831C-1BDEDE8958DA}.Debug|Win32.Build.0 = Debug|Win32
		{33884406-DCF6-37C9-831C-1BDEDE8958DA}.Release|Win32.ActiveCfg = Release|Win32
		{33884406-DCF6-37C9-831C-1BDEDE8958DA}.Release|Win32.Build.0 = Release|Win32
		{0C189C40-520D-37F9-8F37-83A9536A25B7}.Debug|Win32.ActiveCfg = Debug|Win32
		{0C189C40-520D-37F9-8F37-83A9536A25B7}.Debug|Win32.Build.0 = Debug|Win32
		{0C189C40-520D-37F9-8F37-83A9536A25B7}.Release|Win32.ActiveCfg = Release|Win32
		{0C189C40-520D-37F9-8F37-83A9536A25B7}.Release|Win32.Build.0 = Release|Win32
		{ED50912E-2664-348C-A5C7-D4939ED1EBFE}.Debug|Win32.ActiveCfg = Debug|Win32
		{ED50912E-2664-348C-A5C7-D4939ED1EBFE}.Debug|Win32.Build.0 = Debug|Win32
		{ED50912E-2664-348C-A5C7-D4939ED1EBFE}.Release|Win32.ActiveCfg = Release|Win32
		{ED50912E-2664-348C-A5C7-D4939ED1EBFE}.Release|Win32.Build.0 = Release|Win32
		{A8B16DD0-2C19-3509-B8D9-E9B746CC9607}.Debug|Win32.ActiveCfg = Debug|Win32
		{A8B16DD0-2C19-3509-B8D9-E9B746CC9607}.Debug|Win32.Build.0 = Debug|Win32
		{A8B16DD0-2C19-3509-B8D9-E9B746CC9607}.Release|Win32.ActiveCfg = Release|Win32
		{A8B16DD0-2C19-3509-B8D9-E9B746CC9607}.Release|Win32.Build.0 = Release|Win32
		{5A4D4054-B864-3DA8-AF4C-C2C6877E0B69}.Debug|Win32.ActiveCfg = Debug|Win32
		{5A4D4054-B864-3DA8-AF4C-C2C6877E0B69}.Debug|Win32.Build.0 = Debug|Win32
		{5A4D4054-B864-3DA8-AF4C-C2C6877E0B69}.Release|Win32.ActiveCfg = Release|Win32
		{5A4D4054-B864-3DA8-AF4C-C2C6877E0B69}.Release|Win32.Build.0 = Release|Win32
		{009540A5-B216-3270-A77A-1D2B32B4332F}.Debug|Win32.ActiveCfg = Debug|Win32
		{009540A5-B216-3270-A77A-1D2B32B4332F}.Debug|Win32.Build.0 = Debug|Win32
		{009540A5-B216-3270-A77A-1D2B32B4332F}.Release|Win32.ActiveCfg = Release|Win32
		{009540A5-B216-3270-A77A-1D2B32B4332F}.Release|Win32.Build.0 = Release|Win32
		{EAF76647-09D4-3520-B844-1FA93D665829}.Debug|Win32.ActiveCfg = Debug|Win32
		{EAF76647-09D4-3520-B844-1FA93D665829}.Debug|Win32.Build.0 = Debug|Win32
		{EAF76647-09D4-3520-B844-1FA93D665829}.Release|Win32.ActiveCfg = Release|Win32
		{EAF76647-09D4-3520-B844-1FA93D665829}.Release|Win32.Build.0 = Release|Win32
		{88BE59BE-6162-38F2-AA0F-AEC72710DF61}.Debug|Win32.ActiveCfg = Debug|Win32
		{88BE59BE-6162-38F2-AA0F-AEC72710DF61}.Debug|Win32.Build.0 = Debug|Win32
		{88BE59BE-6162-38F2-AA0F-AEC72710DF61}.Release|Win32.ActiveCfg = Release|Win32
		{88BE59BE-6162-38F2-AA0F-AEC72710DF61}.Release|Win32.Build.0 = Release|Win32
		{6F7C5E97-E11F-3925-BD79-00FB8512CE69}.Debug|Win32.ActiveCfg = Debug|Win32
		{6F7C5E97-E11F-3925-BD79-00FB8512CE69}.Debug|Win32.Build.0 = Debug|Win32
		{6F7C5E97-E11F-3925-BD79-00FB8512CE69}.Release|Win32.ActiveCfg = Release|Win32
		{6F7C5E97-E11F-3925-BD79-00FB8512CE69}.Release|Win32.Build.0 = Release|Win32
		{9013A1BF-D121-3B74-9273-98713192DBEA}.Debug|Win32.ActiveCfg = Debug|Win32
		{9013A1BF-D121-3B74-9273-98713192DBEA}.Debug|Win32.Build.0 = Debug|Win32
		{9013A1BF-D121-3B74-9273-98713192DBEA}.Release|Win32.ActiveCfg = Release|Win32
		{9013A1BF-D121-3B74-9273-98713192DBEA}.Release|Win32.Build.0 = Release|Win32
		{C6FF4750-3F6A-3C89-BE16-851E6B83DF8B}.Debug|Win32.ActiveCfg = Debug|Win32
		{C6FF4750-3F6A-3C89-BE16-851E6B83DF8B}.Debug|Win32.Build.0 = Debug|Win32
		{C6FF4750-3F6A-3C89-BE16-851E6B83DF8B}.Release|Win32.ActiveCfg = Release|Win32
		{C6FF4750-3F6A-3C89-BE16-851E6B83DF8B}.Release|Win32.Build.0 = Release|Win32
		{C812624A-49D3-3B14-B039-47449EF5DD18}.Debug|Win32.ActiveCfg = Debug|Win32
		{C812624A-49D3-3B14-B039-47449EF5DD18}.Debug|Win32.Build.0 = Debug|Win32
		{C812624A-49D3-3B14-B039-47449EF5DD18}.Release|Win32.ActiveCfg = Release|Win32
		{C812624A-49D3-3B14-B039-47449EF5DD18}.Release|Win32.Build.0 = Release|Win32
		{DEB0C5AA-3706-34DC-A18B-6EF4CEA8A310}.Debug|Win32.ActiveCfg = Debug|Win32
		{DEB0C5AA-3706-34DC-A18B-6EF4CEA8A310}.Debug|Win32.Build.0 = Debug|Win32
		{DEB0C5AA-3706-34DC-A18B-6EF4CEA8A310}.Release|Win32.ActiveCfg = Release|Win32
		{DEB0C5AA-3706-34DC-A18B-6EF4CEA8A310}.Release|Win32.Build.0 = Release|Win32
		{E242F1C0-FE19-3055-B79E-BAF2B8641108}.Debug|Win32.ActiveCfg = Debug|Win32
		{E242F1C0-FE19-3055-B79E-BAF2B8641108}.Debug|Win32.Build.0 = Debug|Win32
		{E242F1C0-FE19-3055-B79E-BAF2B8641108}.Release|Win32.ActiveCfg = Release|Win32
		{E242F1C0-FE19-3055-B79E-BAF2B8641108}.Release|Win32.Build.0 = Release|Win32
		{F7715081-DC21-3700-B974-85A87C8AD040}.Debug|Win32.ActiveCfg = Debug|Win32
		{F7715081-DC21-3700-B974-85A87C8AD040}.Debug|Win32.Build.0 = Debug|Win32
		{F7715081-DC21-3700-B974-85A87C8AD040}.Release|Win32.ActiveCfg = Release|Win32
		{F7715081-DC21-3700-B974-85A87C8AD040}.Release|Win32.Build.0 = Release|Win32
		{1FD4E8D3-D743-3A05-8133-0D3C2DB7CB5A}.Debug|Win32.ActiveCfg = Debug|Win32
		{1FD4E8D3-D743-3A05-8133-0D3C2DB7CB5A}.Debug|Win32.Build.0 = Debug|Win32
		{1FD4E8D3-D743-3A05-8133-0D3C2DB7CB5A}.Release|Win32.ActiveCfg = Release|Win32
		{1FD4E8D3-D743-3A05-8133-0D3C2DB7CB5A}.Release|Win32.Build.0 = Release|Win32
		{CC21ADB1-6039-37EA-9E6A-5554053A07A1}.Debug|Win32.ActiveCfg = Debug|Win32
		{CC21ADB1-6039-37EA-9E6A-5554053A07A1}.Debug|Win32.Build.0 = Debug|Win32
		{CC21ADB1-6039-37EA-9E6A-5554053A07A1}.Release|Win32.ActiveCfg = Release|Win32
		{CC21ADB1-6039-37EA-9E6A-5554053A07A1}.Release|Win32.Build.0 = Release|Win32
		{3D9AD063-7F21-3E2B-9432-32B1815AA646}.Debug|Win32.ActiveCfg = Debug|Win32
		{3D9AD063-7F21-3E2B-9432-32B1815AA646}.Debug|Win32.Build.0 = Debug|Win32
		{3D9AD063-7F21-3E2B-9432-32B1815AA646}.Release|Win32.ActiveCfg = Release|Win32
		{3D9AD063-7F21-3E2B-9432-32B1815AA646}.Release|Win32.Build.0 = Release|Win32
	EndGlobalSection
	GlobalSection(SolutionProperties) = preSolution
		HideSolutionNode = FALSE
	EndGlobalSection
	GlobalSection(NestedProjects) = preSolution
		{8634016B-84A9-3C15-8414-AD2DAA2CD18D} = {AE02132C-1B8D-4B35-A19A-096F924E7E45}
		{322E2332-B99F-3DC4-B951-FDB39049F2CC} = {AE02132C-1B8D-4B35-A19A-096F924E7E45}
		{620A15FB-3FA9-30AB-82B6-F564437A3F18} = {AE02132C-1B8D-4B35-A19A-096F924E7E45}
		{F0BF7A67-D6B2-3D33-AC39-1F2371E85AFA} = {AE02132C-1B8D-4B35-A19A-096F924E7E45}
		{34B41889-6120-37F8-9880-02C8DB256C03} = {AE02132C-1B8D-4B35-A19A-096F924E7E45}
		{E4B6E190-4D6B-34F0-8D39-12BA93449092} = {AE02132C-1B8D-4B35-A19A-096F924E7E45}
		{9F3D53F1-0FFC-3DE1-B372-A933874CE02F} = {AE02132C-1B8D-4B35-A19A-096F924E7E45}
		{C41E711D-FDF1-30EB-89EB-6C60BF8A5BEC} = {AE02132C-1B8D-4B35-A19A-096F924E7E45}
		{F9DFE108-9FA5-31AC-8B1D-B2F96E4B0827} = {AE02132C-1B8D-4B35-A19A-096F924E7E45}
		{6F031212-9B60-39A8-97A8-915294D65218} = {AE02132C-1B8D-4B35-A19A-096F924E7E45}
		{CC21ADB1-6039-37EA-9E6A-5554053A07A1} = {AE02132C-1B8D-4B35-A19A-096F924E7E45}
		{5B43DB31-4192-4977-A0D5-DAEBBB184313} = {DED45790-5967-4677-AE1F-582FEB85B783}
		{A8B16DD0-2C19-3509-B8D9-E9B746CC9607} = {DED45790-5967-4677-AE1F-582FEB85B783}
		{5A4D4054-B864-3DA8-AF4C-C2C6877E0B69} = {DED45790-5967-4677-AE1F-582FEB85B783}
		{60AF64E4-5804-4A71-8ED9-D89758C7DFE9} = {DED45790-5967-4677-AE1F-582FEB85B783}
		{6F7C5E97-E11F-3925-BD79-00FB8512CE69} = {DED45790-5967-4677-AE1F-582FEB85B783}
		{9013A1BF-D121-3B74-9273-98713192DBEA} = {DED45790-5967-4677-AE1F-582FEB85B783}
		{C6FF4750-3F6A-3C89-BE16-851E6B83DF8B} = {DED45790-5967-4677-AE1F-582FEB85B783}
		{C812624A-49D3-3B14-B039-47449EF5DD18} = {DED45790-5967-4677-AE1F-582FEB85B783}
		{DEB0C5AA-3706-34DC-A18B-6EF4CEA8A310} = {DED45790-5967-4677-AE1F-582FEB85B783}
		{3D9AD063-7F21-3E2B-9432-32B1815AA646} = {DED45790-5967-4677-AE1F-582FEB85B783}
		{ED50912E-2664-348C-A5C7-D4939ED1EBFE} = {5B43DB31-4192-4977-A0D5-DAEBBB184313}
		{0C189C40-520D-37F9-8F37-83A9536A25B7} = {5B43DB31-4192-4977-A0D5-DAEBBB184313}
		{EAF76647-09D4-3520-B844-1FA93D665829} = {60AF64E4-5804-4A71-8ED9-D89758C7DFE9}
		{88BE59BE-6162-38F2-AA0F-AEC72710DF61} = {60AF64E4-5804-4A71-8ED9-D89758C7DFE9}
		{33884406-DCF6-37C9-831C-1BDEDE8958DA} = {60AF64E4-5804-4A71-8ED9-D89758C7DFE9}
		{009540A5-B216-3270-A77A-1D2B32B4332F} = {60AF64E4-5804-4A71-8ED9-D89758C7DFE9}
	EndGlobalSection
EndGlobal
