
Microsoft Visual Studio Solution File, Format Version 10.00
# Visual Studio 2008
Project("{8BC9CEB8-8B4A-11D0-8D11-00A0C91BC942}") = "res2cdata", "res2cdata.vcproj", "{78CC68D7-8815-48F0-850F-3BE23B3F0B39}"
EndProject
Global
	GlobalSection(SolutionConfigurationPlatforms) = preSolution
		Debug|Win32 = Debug|Win32
		Release|Win32 = Release|Win32
	EndGlobalSection
	GlobalSection(ProjectConfigurationPlatforms) = postSolution
		{78CC68D7-8815-48F0-850F-3BE23B3F0B39}.Debug|Win32.ActiveCfg = Debug|Win32
		{78CC68D7-8815-48F0-850F-3BE23B3F0B39}.Debug|Win32.Build.0 = Debug|Win32
		{78CC68D7-8815-48F0-850F-3BE23B3F0B39}.Release|Win32.ActiveCfg = Release|Win32
		{78CC68D7-8815-48F0-850F-3BE23B3F0B39}.Release|Win32.Build.0 = Release|Win32
	EndGlobalSection
	GlobalSection(SolutionProperties) = preSolution
		HideSolutionNode = FALSE
	EndGlobalSection
EndGlobal
