
Microsoft Visual Studio Solution File, Format Version 10.00
# Visual Studio 2008
Project("{8BC9CEB8-8B4A-11D0-8D11-00A0C91BC942}") = "demo3", "demo3.vcproj", "{F2BC24B2-3AA0-41A8-9321-3FDCF275F72A}"
EndProject
Global
	GlobalSection(SolutionConfigurationPlatforms) = preSolution
		Debug|Win32 = Debug|Win32
		Release|Win32 = Release|Win32
	EndGlobalSection
	GlobalSection(ProjectConfigurationPlatforms) = postSolution
		{F2BC24B2-3AA0-41A8-9321-3FDCF275F72A}.Debug|Win32.ActiveCfg = Debug|Win32
		{F2BC24B2-3AA0-41A8-9321-3FDCF275F72A}.Debug|Win32.Build.0 = Debug|Win32
		{F2BC24B2-3AA0-41A8-9321-3FDCF275F72A}.Release|Win32.ActiveCfg = Release|Win32
		{F2BC24B2-3AA0-41A8-9321-3FDCF275F72A}.Release|Win32.Build.0 = Release|Win32
	EndGlobalSection
	GlobalSection(SolutionProperties) = preSolution
		HideSolutionNode = FALSE
	EndGlobalSection
EndGlobal
